# @generated - this file is auto-generated by `mise lock` https://mise.jdx.dev/dev-tools/mise-lock.html

lockfile_version = 3

[[tools."cargo:et-ws-server"]]
version = "0.2.2"
backend = "cargo:et-ws-server"
specifiers = ["latest"]

[[tools.node]]
version = "22.23.3"
backend = "core:node"
specifiers = ["22"]

[tools.node."platforms.linux-arm64"]
checksum = "sha256:5ced2d48d1d7198739b7f86804de0171aefb6823b684b12341d3321afc3cb0b2"
url = "https://nodejs.org/dist/v22.23.3/node-v22.23.3-linux-arm64.tar.gz"

[tools.node."platforms.linux-x64"]
checksum = "sha256:1084aa36196bba4c3a5e69a1ee388a6e4ff729dad09445fbcd434b28fe3c24af"
url = "https://nodejs.org/dist/v22.23.3/node-v22.23.3-linux-x64.tar.gz"

[tools.node."platforms.macos-arm64"]
checksum = "sha256:23b25245dcfb9af7262f8ff142e9e2e0af025368117329e7a7458a51e5922f53"
url = "https://nodejs.org/dist/v22.23.3/node-v22.23.3-darwin-arm64.tar.gz"

[tools.node."platforms.macos-x64"]
checksum = "sha256:8a677b0219178efd6eb0e475457c4afb452b521a92f6e67845a73bd85727f2a8"
url = "https://nodejs.org/dist/v22.23.3/node-v22.23.3-darwin-x64.tar.gz"

[tools.node."platforms.windows-x64"]
checksum = "sha256:2b0ff57b049cda1bbcea2240eec20467018713c1efe1f7360c2681859b90ed71"
url = "https://nodejs.org/dist/v22.23.3/node-v22.23.3-win-x64.zip"

[[tools.pixi]]
version = "0.70.0"
backend = "github:prefix-dev/pixi"
specifiers = ["0.70.0"]

[tools.pixi."platforms.linux-arm64"]
checksum = "sha256:18ea84042f9c50f899afe6e98dac6656fa9f07f39753ee4d155235fa036c07a1"
url = "https://github.com/prefix-dev/pixi/releases/download/v0.70.0/pixi-aarch64-unknown-linux-musl.tar.gz"
url_api = "https://api.github.com/repos/prefix-dev/pixi/releases/assets/435151827"

[tools.pixi."platforms.linux-x64"]
checksum = "sha256:23cb0b727b187a7c57aafe9456a76272bdbff30372be6e6f72187df948ad89df"
url = "https://github.com/prefix-dev/pixi/releases/download/v0.70.0/pixi-x86_64-unknown-linux-musl.tar.gz"
url_api = "https://api.github.com/repos/prefix-dev/pixi/releases/assets/435151922"

[tools.pixi."platforms.macos-arm64"]
checksum = "sha256:3a64eab1df606a0c8b3dd4b68afd8566d4ef4801568effd2e8c12a6b3f2a4a3e"
url = "https://github.com/prefix-dev/pixi/releases/download/v0.70.0/pixi-aarch64-apple-darwin.tar.gz"
url_api = "https://api.github.com/repos/prefix-dev/pixi/releases/assets/435151774"

[tools.pixi."platforms.macos-x64"]
checksum = "sha256:2ee35617a1bc99e0a17a4b1d904461ebf7800f88c7d1ab1976cb51f19a3b0a54"
url = "https://github.com/prefix-dev/pixi/releases/download/v0.70.0/pixi-x86_64-apple-darwin.tar.gz"
url_api = "https://api.github.com/repos/prefix-dev/pixi/releases/assets/435151871"

[tools.pixi."platforms.windows-x64"]
checksum = "sha256:5c933109a9c572ebab8ad6939bcac66ecb77639c4dc83c589f461e6422080e22"
url = "https://github.com/prefix-dev/pixi/releases/download/v0.70.0/pixi-x86_64-pc-windows-msvc.zip"
url_api = "https://api.github.com/repos/prefix-dev/pixi/releases/assets/435151911"

[[tools.rust]]
version = "stable"
backend = "core:rust"
specifiers = ["stable"]

[[tools.zig]]
version = "0.17.0"
backend = "core:zig"
specifiers = ["latest"]

[tools.zig."platforms.linux-arm64"]
checksum = "sha256:9e8d11661d4ae3bd57702a3832781e23ad151dde5798e16a5ccd503f65234ff8"
url = "https://ziglang.org/download/0.17.0/zig-aarch64-linux-0.17.0.tar.xz"

[tools.zig."platforms.linux-x64"]
checksum = "sha256:1cbe9df9f27e6b78d14ccbca43b6703a404ef79ef1c463de901d7f088d4e2026"
url = "https://ziglang.org/download/0.17.0/zig-x86_64-linux-0.17.0.tar.xz"

[tools.zig."platforms.macos-arm64"]
checksum = "sha256:b607e9b9234790a008116ae5bdb71c6243b84b9fb42a53a9e70fde41c06c536a"
url = "https://ziglang.org/download/0.17.0/zig-aarch64-macos-0.17.0.tar.xz"

[tools.zig."platforms.macos-x64"]
checksum = "sha256:4f9a1c5269aa17ebda5e6d3c2b89d6cbf36f7d2b22a0306e9ab98f25f95529c6"
url = "https://ziglang.org/download/0.17.0/zig-x86_64-macos-0.17.0.tar.xz"

[tools.zig."platforms.windows-x64"]
checksum = "sha256:b5663f69581dcf391293fbf16c06cb80d81d806545ce618b4d0bab7f0eb8c428"
url = "https://ziglang.org/download/0.17.0/zig-x86_64-windows-0.17.0.zip"
